
Microsoft Visual Studio Solution File, Format Version 12.00
# Visual Studio Version 16
VisualStudioVersion = 16.0.809.0
MinimumVisualStudioVersion = 10.0.40219.1
Project("{FAE04EC0-301F-11D3-BF4B-00C04F79EFBC}") = "threemillion", "threemillion\threemillion.csproj", "{3816D60B-8D11-4F96-8E27-FA3B8D1FB081}"
EndProject
Project("{FAE04EC0-301F-11D3-BF4B-00C04F79EFBC}") = "grpc-streaming", "grpc-streaming\grpc-streaming.csproj", "{9AF23E09-F176-4424-9640-9A79E4BE2C7E}"
EndProject
Global
	GlobalSection(SolutionConfigurationPlatforms) = preSolution
		Debug|Any CPU = Debug|Any CPU
		Release|Any CPU = Release|Any CPU
	EndGlobalSection
	GlobalSection(ProjectConfigurationPlatforms) = postSolution
		{3816D60B-8D11-4F96-8E27-FA3B8D1FB081}.Debug|Any CPU.ActiveCfg = Debug|Any CPU
		{3816D60B-8D11-4F96-8E27-FA3B8D1FB081}.Debug|Any CPU.Build.0 = Debug|Any CPU
		{3816D60B-8D11-4F96-8E27-FA3B8D1FB081}.Release|Any CPU.ActiveCfg = Release|Any CPU
		{3816D60B-8D11-4F96-8E27-FA3B8D1FB081}.Release|Any CPU.Build.0 = Release|Any CPU
		{9AF23E09-F176-4424-9640-9A79E4BE2C7E}.Debug|Any CPU.ActiveCfg = Debug|Any CPU
		{9AF23E09-F176-4424-9640-9A79E4BE2C7E}.Debug|Any CPU.Build.0 = Debug|Any CPU
		{9AF23E09-F176-4424-9640-9A79E4BE2C7E}.Release|Any CPU.ActiveCfg = Release|Any CPU
		{9AF23E09-F176-4424-9640-9A79E4BE2C7E}.Release|Any CPU.Build.0 = Release|Any CPU
	EndGlobalSection
	GlobalSection(SolutionProperties) = preSolution
		HideSolutionNode = FALSE
	EndGlobalSection
	GlobalSection(ExtensibilityGlobals) = postSolution
		SolutionGuid = {E207915E-A0F4-4F5C-994C-BE33581E9642}
	EndGlobalSection
EndGlobal
